
Microsoft Visual Studio Solution File, Format Version 12.00
# Visual Studio 15
VisualStudioVersion = 15.0.28307.572
MinimumVisualStudioVersion = 10.0.40219.1
Project("{FAE04EC0-301F-11D3-BF4B-00C04F79EFBC}") = "TestGraphic", "TestGraphic\TestGraphic.csproj", "{06AD255B-FD58-4BDC-BCD5-937C155B1BC5}"
EndProject
Project("{2150E333-8FDC-42A3-9474-1A3956D46DE8}") = "libs", "libs", "{6425262B-1563-4E46-9366-48C6FC7CCF0E}"
	ProjectSection(SolutionItems) = preProject
		TestGraphic\bin\Debug\ConsoleGraphics.cs.dll = TestGraphic\bin\Debug\ConsoleGraphics.cs.dll
		D:\C Sharp. Homeworks\DataStructures.Lib\DataStructures.Lib\obj\Debug\netstandard2.0\DataStructures.Lib.dll = D:\C Sharp. Homeworks\DataStructures.Lib\DataStructures.Lib\obj\Debug\netstandard2.0\DataStructures.Lib.dll
	EndProjectSection
EndProject
Global
	GlobalSection(SolutionConfigurationPlatforms) = preSolution
		Debug|Any CPU = Debug|Any CPU
		Release|Any CPU = Release|Any CPU
	EndGlobalSection
	GlobalSection(ProjectConfigurationPlatforms) = postSolution
		{06AD255B-FD58-4BDC-BCD5-937C155B1BC5}.Debug|Any CPU.ActiveCfg = Debug|Any CPU
		{06AD255B-FD58-4BDC-BCD5-937C155B1BC5}.Debug|Any CPU.Build.0 = Debug|Any CPU
		{06AD255B-FD58-4BDC-BCD5-937C155B1BC5}.Release|Any CPU.ActiveCfg = Release|Any CPU
		{06AD255B-FD58-4BDC-BCD5-937C155B1BC5}.Release|Any CPU.Build.0 = Release|Any CPU
	EndGlobalSection
	GlobalSection(SolutionProperties) = preSolution
		HideSolutionNode = FALSE
	EndGlobalSection
	GlobalSection(ExtensibilityGlobals) = postSolution
		SolutionGuid = {C9BBC6C5-AAC1-45DE-8266-D24E74C8CC26}
	EndGlobalSection
EndGlobal
